
Microsoft Visual Studio Solution File, Format Version 12.00
# Visual Studio 15
VisualStudioVersion = 15.0.27428.2043
MinimumVisualStudioVersion = 10.0.40219.1
Project("{FAE04EC0-301F-11D3-BF4B-00C04F79EFBC}") = "BeatSaberModManager", "BeatSaberModManager\BeatSaberModManager.csproj", "{80DD7A28-B742-42BF-ADF0-F18D6B68DE65}"
EndProject
Global
	GlobalSection(SolutionConfigurationPlatforms) = preSolution
		Debug|Any CPU = Debug|Any CPU
		Release|Any CPU = Release|Any CPU
	EndGlobalSection
	GlobalSection(ProjectConfigurationPlatforms) = postSolution
		{80DD7A28-B742-42BF-ADF0-F18D6B68DE65}.Debug|Any CPU.ActiveCfg = Debug|Any CPU
		{80DD7A28-B742-42BF-ADF0-F18D6B68DE65}.Debug|Any CPU.Build.0 = Debug|Any CPU
		{80DD7A28-B742-42BF-ADF0-F18D6B68DE65}.Release|Any CPU.ActiveCfg = Release|Any CPU
		{80DD7A28-B742-42BF-ADF0-F18D6B68DE65}.Release|Any CPU.Build.0 = Release|Any CPU
	EndGlobalSection
	GlobalSection(SolutionProperties) = preSolution
		HideSolutionNode = FALSE
	EndGlobalSection
	GlobalSection(ExtensibilityGlobals) = postSolution
		SolutionGuid = {C820093F-F38D-40CD-90B7-CAF6FCD63BDB}
	EndGlobalSection
EndGlobal
